
Microsoft Visual Studio Solution File, Format Version 12.00
# Visual Studio 15
VisualStudioVersion = 15.0.28307.1972
MinimumVisualStudioVersion = 10.0.40219.1
Project("{FAE04EC0-301F-11D3-BF4B-00C04F79EFBC}") = "Flappy", "Flappy\Flappy.csproj", "{0751A4DF-FA30-48AC-ADAA-513755C275D2}"
EndProject
Global
	GlobalSection(SolutionConfigurationPlatforms) = preSolution
		Debug|Any CPU = Debug|Any CPU
		Release|Any CPU = Release|Any CPU
	EndGlobalSection
	GlobalSection(ProjectConfigurationPlatforms) = postSolution
		{0751A4DF-FA30-48AC-ADAA-513755C275D2}.Debug|Any CPU.ActiveCfg = Debug|Any CPU
		{0751A4DF-FA30-48AC-ADAA-513755C275D2}.Debug|Any CPU.Build.0 = Debug|Any CPU
		{0751A4DF-FA30-48AC-ADAA-513755C275D2}.Release|Any CPU.ActiveCfg = Release|Any CPU
		{0751A4DF-FA30-48AC-ADAA-513755C275D2}.Release|Any CPU.Build.0 = Release|Any CPU
	EndGlobalSection
	GlobalSection(SolutionProperties) = preSolution
		HideSolutionNode = FALSE
	EndGlobalSection
	GlobalSection(ExtensibilityGlobals) = postSolution
		SolutionGuid = {44AC1758-1C01-46F4-865E-6313F5BC670A}
	EndGlobalSection
EndGlobal
